// !$*UTF8*$!
{
	archiveVersion = 1;
	classes = {
	};
	objectVersion = 46;
	objects = {

/* Begin PBXBuildFile section */
		5F8430CD1DC4C41600239052 /* AppDelegate.swift in Sources */ = {isa = PBXBuildFile; fileRef = 5F8430CC1DC4C41600239052 /* AppDelegate.swift */; };
		5F8430CF1DC4C41600239052 /* ViewController.swift in Sources */ = {isa = PBXBuildFile; fileRef = 5F8430CE1DC4C41600239052 /* ViewController.swift */; };
		5F8430D21DC4C41600239052 /* Main.storyboard in Resources */ = {isa = PBXBuildFile; fileRef = 5F8430D01DC4C41600239052 /* Main.storyboard */; };
		5F8430D41DC4C41600239052 /* Assets.xcassets in Resources */ = {isa = PBXBuildFile; fileRef = 5F8430D31DC4C41600239052 /* Assets.xcassets */; };
		5F8430D71DC4C41600239052 /* LaunchScreen.storyboard in Resources */ = {isa = PBXBuildFile; fileRef = 5F8430D51DC4C41600239052 /* LaunchScreen.storyboard */; };
		5F8431191DC4D39600239052 /* coolvetica rg.ttf in Resources */ = {isa = PBXBuildFile; fileRef = 5F8431181DC4D39600239052 /* coolvetica rg.ttf */; };
		5F84311B1DC4D6A300239052 /* echinos.ttf in Resources */ = {isa = PBXBuildFile; fileRef = 5F84311A1DC4D6A300239052 /* echinos.ttf */; };
		5F84311D1DC4DC4400239052 /* dream orphans bd.ttf in Resources */ = {isa = PBXBuildFile; fileRef = 5F84311C1DC4DC4400239052 /* dream orphans bd.ttf */; };
		5FC4765A1DC5C2C400FAF078 /* Constants.swift in Sources */ = {isa = PBXBuildFile; fileRef = 5FC476591DC5C2C400FAF078 /* Constants.swift */; };
		5FC4765C1DC5C8F900FAF078 /* CurrentWeather.swift in Sources */ = {isa = PBXBuildFile; fileRef = 5FC4765B1DC5C8F900FAF078 /* CurrentWeather.swift */; };
		5FC476991DC6692200FAF078 /* ForeCast.swift in Sources */ = {isa = PBXBuildFile; fileRef = 5FC476981DC6692200FAF078 /* ForeCast.swift */; };
		5FC4769B1DC724D900FAF078 /* weatherCell.swift in Sources */ = {isa = PBXBuildFile; fileRef = 5FC4769A1DC724D900FAF078 /* weatherCell.swift */; };
		5FC4769D1DC7316C00FAF078 /* Location.swift in Sources */ = {isa = PBXBuildFile; fileRef = 5FC4769C1DC7316C00FAF078 /* Location.swift */; };
		A5640031FC4843095850F930 /* Pods_weatherTest.framework in Frameworks */ = {isa = PBXBuildFile; fileRef = BB1C5A0E2B5AB6F11CA98E7F /* Pods_weatherTest.framework */; };
/* End PBXBuildFile section */

/* Begin PBXContainerItemProxy section */
		5F8430DE1DC4C41600239052 /* PBXContainerItemProxy */ = {
			isa = PBXContainerItemProxy;
			containerPortal = 5F8430C11DC4C41600239052 /* Project object */;
			proxyType = 1;
			remoteGlobalIDString = 5F8430C81DC4C41600239052;
			remoteInfo = weatherTest;
		};
		5F8430E91DC4C41600239052 /* PBXContainerItemProxy */ = {
			isa = PBXContainerItemProxy;
			containerPortal = 5F8430C11DC4C41600239052 /* Project object */;
			proxyType = 1;
			remoteGlobalIDString = 5F8430C81DC4C41600239052;
			remoteInfo = weatherTest;
		};
/* End PBXContainerItemProxy section */

/* Begin PBXFileReference section */
		5F8430C91DC4C41600239052 /* weatherTest.app */ = {isa = PBXFileReference; explicitFileType = wrapper.application; includeInIndex = 0; path = weatherTest.app; sourceTree = BUILT_PRODUCTS_DIR; };
		5F8430CC1DC4C41600239052 /* AppDelegate.swift */ = {isa = PBXFileReference; lastKnownFileType = sourcecode.swift; path = AppDelegate.swift; sourceTree = "<group>"; };
		5F8430CE1DC4C41600239052 /* ViewController.swift */ = {isa = PBXFileReference; lastKnownFileType = sourcecode.swift; path = ViewController.swift; sourceTree = "<group>"; };
		5F8430D11DC4C41600239052 /* Base */ = {isa = PBXFileReference; lastKnownFileType = file.storyboard; name = Base; path = Base.lproj/Main.storyboard; sourceTree = "<group>"; };
		5F8430D31DC4C41600239052 /* Assets.xcassets */ = {isa = PBXFileReference; lastKnownFileType = folder.assetcatalog; path = Assets.xcassets; sourceTree = "<group>"; };
		5F8430D61DC4C41600239052 /* Base */ = {isa = PBXFileReference; lastKnownFileType = file.storyboard; name = Base; path = Base.lproj/LaunchScreen.storyboard; sourceTree = "<group>"; };
		5F8430D81DC4C41600239052 /* Info.plist */ = {isa = PBXFileReference; lastKnownFileType = text.plist.xml; path = Info.plist; sourceTree = "<group>"; };
		5F8430DD1DC4C41600239052 /* weatherTestTests.xctest */ = {isa = PBXFileReference; explicitFileType = wrapper.cfbundle; includeInIndex = 0; path = weatherTestTests.xctest; sourceTree = BUILT_PRODUCTS_DIR; };
		5F8430E81DC4C41600239052 /* weatherTestUITests.xctest */ = {isa = PBXFileReference; explicitFileType = wrapper.cfbundle; includeInIndex = 0; path = weatherTestUITests.xctest; sourceTree = BUILT_PRODUCTS_DIR; };
		5F8431181DC4D39600239052 /* coolvetica rg.ttf */ = {isa = PBXFileReference; lastKnownFileType = file; path = "coolvetica rg.ttf"; sourceTree = "<group>"; };
		5F84311A1DC4D6A300239052 /* echinos.ttf */ = {isa = PBXFileReference; lastKnownFileType = file; path = echinos.ttf; sourceTree = "<group>"; };
		5F84311C1DC4DC4400239052 /* dream orphans bd.ttf */ = {isa = PBXFileReference; lastKnownFileType = file; path = "dream orphans bd.ttf"; sourceTree = "<group>"; };
		5FC476591DC5C2C400FAF078 /* Constants.swift */ = {isa = PBXFileReference; fileEncoding = 4; lastKnownFileType = sourcecode.swift; path = Constants.swift; sourceTree = "<group>"; };
		5FC4765B1DC5C8F900FAF078 /* CurrentWeather.swift */ = {isa = PBXFileReference; fileEncoding = 4; lastKnownFileType = sourcecode.swift; path = CurrentWeather.swift; sourceTree = "<group>"; };
		5FC476981DC6692200FAF078 /* ForeCast.swift */ = {isa = PBXFileReference; fileEncoding = 4; lastKnownFileType = sourcecode.swift; path = ForeCast.swift; sourceTree = "<group>"; };
		5FC4769A1DC724D900FAF078 /* weatherCell.swift */ = {isa = PBXFileReference; fileEncoding = 4; lastKnownFileType = sourcecode.swift; path = weatherCell.swift; sourceTree = "<group>"; };
		5FC4769C1DC7316C00FAF078 /* Location.swift */ = {isa = PBXFileReference; fileEncoding = 4; lastKnownFileType = sourcecode.swift; path = Location.swift; sourceTree = "<group>"; };
		7641D625174D295EE0A105B8 /* Pods-weatherTest.debug.xcconfig */ = {isa = PBXFileReference; includeInIndex = 1; lastKnownFileType = text.xcconfig; name = "Pods-weatherTest.debug.xcconfig"; path = "Pods/Target Support Files/Pods-weatherTest/Pods-weatherTest.debug.xcconfig"; sourceTree = "<group>"; };
		A0A36E79893812A5A4694FC5 /* Pods-weatherTest.release.xcconfig */ = {isa = PBXFileReference; includeInIndex = 1; lastKnownFileType = text.xcconfig; name = "Pods-weatherTest.release.xcconfig"; path = "Pods/Target Support Files/Pods-weatherTest/Pods-weatherTest.release.xcconfig"; sourceTree = "<group>"; };
		BB1C5A0E2B5AB6F11CA98E7F /* Pods_weatherTest.framework */ = {isa = PBXFileReference; explicitFileType = wrapper.framework; includeInIndex = 0; path = Pods_weatherTest.framework; sourceTree = BUILT_PRODUCTS_DIR; };
/* End PBXFileReference section */

/* Begin PBXFrameworksBuildPhase section */
		5F8430C61DC4C41600239052 /* Frameworks */ = {
			isa = PBXFrameworksBuildPhase;
			buildActionMask = 2147483647;
			files = (
				A5640031FC4843095850F930 /* Pods_weatherTest.framework in Frameworks */,
			);
			runOnlyForDeploymentPostprocessing = 0;
		};
		5F8430DA1DC4C41600239052 /* Frameworks */ = {
			isa = PBXFrameworksBuildPhase;
			buildActionMask = 2147483647;
			files = (
			);
			runOnlyForDeploymentPostprocessing = 0;
		};
		5F8430E51DC4C41600239052 /* Frameworks */ = {
			isa = PBXFrameworksBuildPhase;
			buildActionMask = 2147483647;
			files = (
			);
			runOnlyForDeploymentPostprocessing = 0;
		};
/* End PBXFrameworksBuildPhase section */

/* Begin PBXGroup section */
		5F8430C01DC4C41600239052 = {
			isa = PBXGroup;
			children = (
				5F8430CB1DC4C41600239052 /* weatherTest */,
				5F8430CA1DC4C41600239052 /* Products */,
				B36A63F941B069E83E401C0F /* Pods */,
				952D428DDC8312FD264E300C /* Frameworks */,
			);
			sourceTree = "<group>";
		};
		5F8430CA1DC4C41600239052 /* Products */ = {
			isa = PBXGroup;
			children = (
				5F8430C91DC4C41600239052 /* weatherTest.app */,
				5F8430DD1DC4C41600239052 /* weatherTestTests.xctest */,
				5F8430E81DC4C41600239052 /* weatherTestUITests.xctest */,
			);
			name = Products;
			sourceTree = "<group>";
		};
		5F8430CB1DC4C41600239052 /* weatherTest */ = {
			isa = PBXGroup;
			children = (
				5F8430CE1DC4C41600239052 /* ViewController.swift */,
				5FC476591DC5C2C400FAF078 /* Constants.swift */,
				5FC4765B1DC5C8F900FAF078 /* CurrentWeather.swift */,
				5FC476981DC6692200FAF078 /* ForeCast.swift */,
				5FC4769A1DC724D900FAF078 /* weatherCell.swift */,
				5FC4769C1DC7316C00FAF078 /* Location.swift */,
				5F8430D01DC4C41600239052 /* Main.storyboard */,
				5FC4765D1DC6173600FAF078 /* Supporting Files */,
			);
			path = weatherTest;
			sourceTree = "<group>";
		};
		5FC4765D1DC6173600FAF078 /* Supporting Files */ = {
			isa = PBXGroup;
			children = (
				5F8431181DC4D39600239052 /* coolvetica rg.ttf */,
				5F8430D31DC4C41600239052 /* Assets.xcassets */,
				5F8430D81DC4C41600239052 /* Info.plist */,
				5F84311C1DC4DC4400239052 /* dream orphans bd.ttf */,
				5F84311A1DC4D6A300239052 /* echinos.ttf */,
				5F8430CC1DC4C41600239052 /* AppDelegate.swift */,
				5F8430D51DC4C41600239052 /* LaunchScreen.storyboard */,
			);
			name = "Supporting Files";
			sourceTree = "<group>";
		};
		952D428DDC8312FD264E300C /* Frameworks */ = {
			isa = PBXGroup;
			children = (
				BB1C5A0E2B5AB6F11CA98E7F /* Pods_weatherTest.framework */,
			);
			name = Frameworks;
			sourceTree = "<group>";
		};
		B36A63F941B069E83E401C0F /* Pods */ = {
			isa = PBXGroup;
			children = (
				7641D625174D295EE0A105B8 /* Pods-weatherTest.debug.xcconfig */,
				A0A36E79893812A5A4694FC5 /* Pods-weatherTest.release.xcconfig */,
			);
			name = Pods;
			sourceTree = "<group>";
		};
/* End PBXGroup section */

/* Begin PBXNativeTarget section */
		5F8430C81DC4C41600239052 /* weatherTest */ = {
			isa = PBXNativeTarget;
			buildConfigurationList = 5F8430F11DC4C41600239052 /* Build configuration list for PBXNativeTarget "weatherTest" */;
			buildPhases = (
				9FCD1C5A6E8C64B6634FD0B8 /* [CP] Check Pods Manifest.lock */,
				5F8430C51DC4C41600239052 /* Sources */,
				5F8430C61DC4C41600239052 /* Frameworks */,
				5F8430C71DC4C41600239052 /* Resources */,
				33D57C223DA8E9186905E91C /* [CP] Embed Pods Frameworks */,
				96CE75622498E12F607277CC /* [CP] Copy Pods Resources */,
			);
			buildRules = (
			);
			dependencies = (
			);
			name = weatherTest;
			productName = weatherTest;
			productReference = 5F8430C91DC4C41600239052 /* weatherTest.app */;
			productType = "com.apple.product-type.application";
		};
		5F8430DC1DC4C41600239052 /* weatherTestTests */ = {
			isa = PBXNativeTarget;
			buildConfigurationList = 5F8430F41DC4C41600239052 /* Build configuration list for PBXNativeTarget "weatherTestTests" */;
			buildPhases = (
				5F8430D91DC4C41600239052 /* Sources */,
				5F8430DA1DC4C41600239052 /* Frameworks */,
				5F8430DB1DC4C41600239052 /* Resources */,
			);
			buildRules = (
			);
			dependencies = (
				5F8430DF1DC4C41600239052 /* PBXTargetDependency */,
			);
			name = weatherTestTests;
			productName = weatherTestTests;
			productReference = 5F8430DD1DC4C41600239052 /* weatherTestTests.xctest */;
			productType = "com.apple.product-type.bundle.unit-test";
		};
		5F8430E71DC4C41600239052 /* weatherTestUITests */ = {
			isa = PBXNativeTarget;
			buildConfigurationList = 5F8430F71DC4C41600239052 /* Build configuration list for PBXNativeTarget "weatherTestUITests" */;
			buildPhases = (
				5F8430E41DC4C41600239052 /* Sources */,
				5F8430E51DC4C41600239052 /* Frameworks */,
				5F8430E61DC4C41600239052 /* Resources */,
			);
			buildRules = (
			);
			dependencies = (
				5F8430EA1DC4C41600239052 /* PBXTargetDependency */,
			);
			name = weatherTestUITests;
			productName = weatherTestUITests;
			productReference = 5F8430E81DC4C41600239052 /* weatherTestUITests.xctest */;
			productType = "com.apple.product-type.bundle.ui-testing";
		};
/* End PBXNativeTarget section */

/* Begin PBXProject section */
		5F8430C11DC4C41600239052 /* Project object */ = {
			isa = PBXProject;
			attributes = {
				LastSwiftUpdateCheck = 0800;
				LastUpgradeCheck = 0810;
				ORGANIZATIONNAME = "Harman Inc";
				TargetAttributes = {
					5F8430C81DC4C41600239052 = {
						CreatedOnToolsVersion = 8.0;
						DevelopmentTeam = TJ3RW859P3;
						ProvisioningStyle = Automatic;
					};
					5F8430DC1DC4C41600239052 = {
						CreatedOnToolsVersion = 8.0;
						DevelopmentTeam = TJ3RW859P3;
						ProvisioningStyle = Automatic;
						TestTargetID = 5F8430C81DC4C41600239052;
					};
					5F8430E71DC4C41600239052 = {
						CreatedOnToolsVersion = 8.0;
						DevelopmentTeam = TJ3RW859P3;
						ProvisioningStyle = Automatic;
						TestTargetID = 5F8430C81DC4C41600239052;
					};
				};
			};
			buildConfigurationList = 5F8430C41DC4C41600239052 /* Build configuration list for PBXProject "weatherTest" */;
			compatibilityVersion = "Xcode 3.2";
			developmentRegion = English;
			hasScannedForEncodings = 0;
			knownRegions = (
				en,
				Base,
			);
			mainGroup = 5F8430C01DC4C41600239052;
			productRefGroup = 5F8430CA1DC4C41600239052 /* Products */;
			projectDirPath = "";
			projectRoot = "";
			targets = (
				5F8430C81DC4C41600239052 /* weatherTest */,
				5F8430DC1DC4C41600239052 /* weatherTestTests */,
				5F8430E71DC4C41600239052 /* weatherTestUITests */,
			);
		};
/* End PBXProject section */

/* Begin PBXResourcesBuildPhase section */
		5F8430C71DC4C41600239052 /* Resources */ = {
			isa = PBXResourcesBuildPhase;
			buildActionMask = 2147483647;
			files = (
				5F8430D71DC4C41600239052 /* LaunchScreen.storyboard in Resources */,
				5F8430D41DC4C41600239052 /* Assets.xcassets in Resources */,
				5F84311D1DC4DC4400239052 /* dream orphans bd.ttf in Resources */,
				5F8430D21DC4C41600239052 /* Main.storyboard in Resources */,
				5F8431191DC4D39600239052 /* coolvetica rg.ttf in Resources */,
				5F84311B1DC4D6A300239052 /* echinos.ttf in Resources */,
			);
			runOnlyForDeploymentPostprocessing = 0;
		};
		5F8430DB1DC4C41600239052 /* Resources */ = {
			isa = PBXResourcesBuildPhase;
			buildActionMask = 2147483647;
			files = (
			);
			runOnlyForDeploymentPostprocessing = 0;
		};
		5F8430E61DC4C41600239052 /* Resources */ = {
			isa = PBXResourcesBuildPhase;
			buildActionMask = 2147483647;
			files = (
			);
			runOnlyForDeploymentPostprocessing = 0;
		};
/* End PBXResourcesBuildPhase section */

/* Begin PBXShellScriptBuildPhase section */
		33D57C223DA8E9186905E91C /* [CP] Embed Pods Frameworks */ = {
			isa = PBXShellScriptBuildPhase;
			buildActionMask = 2147483647;
			files = (
			);
			inputPaths = (
			);
			name = "[CP] Embed Pods Frameworks";
			outputPaths = (
			);
			runOnlyForDeploymentPostprocessing = 0;
			shellPath = /bin/sh;
			shellScript = "\"${SRCROOT}/Pods/Target Support Files/Pods-weatherTest/Pods-weatherTest-frameworks.sh\"\n";
			showEnvVarsInLog = 0;
		};
		96CE75622498E12F607277CC /* [CP] Copy Pods Resources */ = {
			isa = PBXShellScriptBuildPhase;
			buildActionMask = 2147483647;
			files = (
			);
			inputPaths = (
			);
			name = "[CP] Copy Pods Resources";
			outputPaths = (
			);
			runOnlyForDeploymentPostprocessing = 0;
			shellPath = /bin/sh;
			shellScript = "\"${SRCROOT}/Pods/Target Support Files/Pods-weatherTest/Pods-weatherTest-resources.sh\"\n";
			showEnvVarsInLog = 0;
		};
		9FCD1C5A6E8C64B6634FD0B8 /* [CP] Check Pods Manifest.lock */ = {
			isa = PBXShellScriptBuildPhase;
			buildActionMask = 2147483647;
			files = (
			);
			inputPaths = (
			);
			name = "[CP] Check Pods Manifest.lock";
			outputPaths = (
			);
			runOnlyForDeploymentPostprocessing = 0;
			shellPath = /bin/sh;
			shellScript = "diff \"${PODS_ROOT}/../Podfile.lock\" \"${PODS_ROOT}/Manifest.lock\" > /dev/null\nif [ $? != 0 ] ; then\n    # print error to STDERR\n    echo \"error: The sandbox is not in sync with the Podfile.lock. Run 'pod install' or update your CocoaPods installation.\" >&2\n    exit 1\nfi\n";
			showEnvVarsInLog = 0;
		};
/* End PBXShellScriptBuildPhase section */

/* Begin PBXSourcesBuildPhase section */
		5F8430C51DC4C41600239052 /* Sources */ = {
			isa = PBXSourcesBuildPhase;
			buildActionMask = 2147483647;
			files = (
				5FC4769B1DC724D900FAF078 /* weatherCell.swift in Sources */,
				5F8430CF1DC4C41600239052 /* ViewController.swift in Sources */,
				5FC476991DC6692200FAF078 /* ForeCast.swift in Sources */,
				5F8430CD1DC4C41600239052 /* AppDelegate.swift in Sources */,
				5FC4765C1DC5C8F900FAF078 /* CurrentWeather.swift in Sources */,
				5FC4765A1DC5C2C400FAF078 /* Constants.swift in Sources */,
				5FC4769D1DC7316C00FAF078 /* Location.swift in Sources */,
			);
			runOnlyForDeploymentPostprocessing = 0;
		};
		5F8430D91DC4C41600239052 /* Sources */ = {
			isa = PBXSourcesBuildPhase;
			buildActionMask = 2147483647;
			files = (
			);
			runOnlyForDeploymentPostprocessing = 0;
		};
		5F8430E41DC4C41600239052 /* Sources */ = {
			isa = PBXSourcesBuildPhase;
			buildActionMask = 2147483647;
			files = (
			);
			runOnlyForDeploymentPostprocessing = 0;
		};
/* End PBXSourcesBuildPhase section */

/* Begin PBXTargetDependency section */
		5F8430DF1DC4C41600239052 /* PBXTargetDependency */ = {
			isa = PBXTargetDependency;
			target = 5F8430C81DC4C41600239052 /* weatherTest */;
			targetProxy = 5F8430DE1DC4C41600239052 /* PBXContainerItemProxy */;
		};
		5F8430EA1DC4C41600239052 /* PBXTargetDependency */ = {
			isa = PBXTargetDependency;
			target = 5F8430C81DC4C41600239052 /* weatherTest */;
			targetProxy = 5F8430E91DC4C41600239052 /* PBXContainerItemProxy */;
		};
/* End PBXTargetDependency section */

/* Begin PBXVariantGroup section */
		5F8430D01DC4C41600239052 /* Main.storyboard */ = {
			isa = PBXVariantGroup;
			children = (
				5F8430D11DC4C41600239052 /* Base */,
			);
			name = Main.storyboard;
			sourceTree = "<group>";
		};
		5F8430D51DC4C41600239052 /* LaunchScreen.storyboard */ = {
			isa = PBXVariantGroup;
			children = (
				5F8430D61DC4C41600239052 /* Base */,
			);
			name = LaunchScreen.storyboard;
			sourceTree = "<group>";
		};
/* End PBXVariantGroup section */

/* Begin XCBuildConfiguration section */
		5F8430EF1DC4C41600239052 /* Debug */ = {
			isa = XCBuildConfiguration;
			buildSettings = {
				ALWAYS_SEARCH_USER_PATHS = NO;
				CLANG_ANALYZER_NONNULL = YES;
				CLANG_CXX_LANGUAGE_STANDARD = "gnu++0x";
				CLANG_CXX_LIBRARY = "libc++";
				CLANG_ENABLE_MODULES = YES;
				CLANG_ENABLE_OBJC_ARC = YES;
				CLANG_WARN_BOOL_CONVERSION = YES;
				CLANG_WARN_CONSTANT_CONVERSION = YES;
				CLANG_WARN_DIRECT_OBJC_ISA_USAGE = YES_ERROR;
				CLANG_WARN_DOCUMENTATION_COMMENTS = YES;
				CLANG_WARN_EMPTY_BODY = YES;
				CLANG_WARN_ENUM_CONVERSION = YES;
				CLANG_WARN_INFINITE_RECURSION = YES;
				CLANG_WARN_INT_CONVERSION = YES;
				CLANG_WARN_OBJC_ROOT_CLASS = YES_ERROR;
				CLANG_WARN_SUSPICIOUS_MOVE = YES;
				CLANG_WARN_SUSPICIOUS_MOVES = YES;
				CLANG_WARN_UNREACHABLE_CODE = YES;
				CLANG_WARN__DUPLICATE_METHOD_MATCH = YES;
				"CODE_SIGN_IDENTITY[sdk=iphoneos*]" = "iPhone Developer";
				COPY_PHASE_STRIP = NO;
				DEBUG_INFORMATION_FORMAT = dwarf;
				ENABLE_STRICT_OBJC_MSGSEND = YES;
				ENABLE_TESTABILITY = YES;
				GCC_C_LANGUAGE_STANDARD = gnu99;
				GCC_DYNAMIC_NO_PIC = NO;
				GCC_NO_COMMON_BLOCKS = YES;
				GCC_OPTIMIZATION_LEVEL = 0;
				GCC_PREPROCESSOR_DEFINITIONS = (
					"DEBUG=1",
					"$(inherited)",
				);
				GCC_WARN_64_TO_32_BIT_CONVERSION = YES;
				GCC_WARN_ABOUT_RETURN_TYPE = YES_ERROR;
				GCC_WARN_UNDECLARED_SELECTOR = YES;
				GCC_WARN_UNINITIALIZED_AUTOS = YES_AGGRESSIVE;
				GCC_WARN_UNUSED_FUNCTION = YES;
				GCC_WARN_UNUSED_VARIABLE = YES;
				IPHONEOS_DEPLOYMENT_TARGET = 10.0;
				MTL_ENABLE_DEBUG_INFO = YES;
				ONLY_ACTIVE_ARCH = YES;
				SDKROOT = iphoneos;
				SWIFT_ACTIVE_COMPILATION_CONDITIONS = DEBUG;
				SWIFT_OPTIMIZATION_LEVEL = "-Onone";
			};
			name = Debug;
		};
		5F8430F01DC4C41600239052 /* Release */ = {
			isa = XCBuildConfiguration;
			buildSettings = {
				ALWAYS_SEARCH_USER_PATHS = NO;
				CLANG_ANALYZER_NONNULL = YES;
				CLANG_CXX_LANGUAGE_STANDARD = "gnu++0x";
				CLANG_CXX_LIBRARY = "libc++";
				CLANG_ENABLE_MODULES = YES;
				CLANG_ENABLE_OBJC_ARC = YES;
				CLANG_WARN_BOOL_CONVERSION = YES;
				CLANG_WARN_CONSTANT_CONVERSION = YES;
				CLANG_WARN_DIRECT_OBJC_ISA_USAGE = YES_ERROR;
				CLANG_WARN_DOCUMENTATION_COMMENTS = YES;
				CLANG_WARN_EMPTY_BODY = YES;
				CLANG_WARN_ENUM_CONVERSION = YES;
				CLANG_WARN_INFINITE_RECURSION = YES;
				CLANG_WARN_INT_CONVERSION = YES;
				CLANG_WARN_OBJC_ROOT_CLASS = YES_ERROR;
				CLANG_WARN_SUSPICIOUS_MOVE = YES;
				CLANG_WARN_SUSPICIOUS_MOVES = YES;
				CLANG_WARN_UNREACHABLE_CODE = YES;
				CLANG_WARN__DUPLICATE_METHOD_MATCH = YES;
				"CODE_SIGN_IDENTITY[sdk=iphoneos*]" = "iPhone Developer";
				COPY_PHASE_STRIP = NO;
				DEBUG_INFORMATION_FORMAT = "dwarf-with-dsym";
				ENABLE_NS_ASSERTIONS = NO;
				ENABLE_STRICT_OBJC_MSGSEND = YES;
				GCC_C_LANGUAGE_STANDARD = gnu99;
				GCC_NO_COMMON_BLOCKS = YES;
				GCC_WARN_64_TO_32_BIT_CONVERSION = YES;
				GCC_WARN_ABOUT_RETURN_TYPE = YES_ERROR;
				GCC_WARN_UNDECLARED_SELECTOR = YES;
				GCC_WARN_UNINITIALIZED_AUTOS = YES_AGGRESSIVE;
				GCC_WARN_UNUSED_FUNCTION = YES;
				GCC_WARN_UNUSED_VARIABLE = YES;
				IPHONEOS_DEPLOYMENT_TARGET = 10.0;
				MTL_ENABLE_DEBUG_INFO = NO;
				SDKROOT = iphoneos;
				SWIFT_OPTIMIZATION_LEVEL = "-Owholemodule";
				VALIDATE_PRODUCT = YES;
			};
			name = Release;
		};
		5F8430F21DC4C41600239052 /* Debug */ = {
			isa = XCBuildConfiguration;
			baseConfigurationReference = 7641D625174D295EE0A105B8 /* Pods-weatherTest.debug.xcconfig */;
			buildSettings = {
				ASSETCATALOG_COMPILER_APPICON_NAME = AppIcon;
				DEVELOPMENT_TEAM = TJ3RW859P3;
				INFOPLIST_FILE = weatherTest/Info.plist;
				LD_RUNPATH_SEARCH_PATHS = "$(inherited) @executable_path/Frameworks";
				PRODUCT_BUNDLE_IDENTIFIER = com.beginning.weatherTest;
				PRODUCT_NAME = "$(TARGET_NAME)";
				SWIFT_VERSION = 3.0;
				TARGETED_DEVICE_FAMILY = "1,2";
			};
			name = Debug;
		};
		5F8430F31DC4C41600239052 /* Release */ = {
			isa = XCBuildConfiguration;
			baseConfigurationReference = A0A36E79893812A5A4694FC5 /* Pods-weatherTest.release.xcconfig */;
			buildSettings = {
				ASSETCATALOG_COMPILER_APPICON_NAME = AppIcon;
				DEVELOPMENT_TEAM = TJ3RW859P3;
				INFOPLIST_FILE = weatherTest/Info.plist;
				LD_RUNPATH_SEARCH_PATHS = "$(inherited) @executable_path/Frameworks";
				PRODUCT_BUNDLE_IDENTIFIER = com.beginning.weatherTest;
				PRODUCT_NAME = "$(TARGET_NAME)";
				SWIFT_VERSION = 3.0;
				TARGETED_DEVICE_FAMILY = "1,2";
			};
			name = Release;
		};
		5F8430F51DC4C41600239052 /* Debug */ = {
			isa = XCBuildConfiguration;
			buildSettings = {
				ALWAYS_EMBED_SWIFT_STANDARD_LIBRARIES = YES;
				BUNDLE_LOADER = "$(TEST_HOST)";
				DEVELOPMENT_TEAM = TJ3RW859P3;
				INFOPLIST_FILE = weatherTestTests/Info.plist;
				LD_RUNPATH_SEARCH_PATHS = "$(inherited) @executable_path/Frameworks @loader_path/Frameworks";
				PRODUCT_BUNDLE_IDENTIFIER = com.beginning.weatherTestTests;
				PRODUCT_NAME = "$(TARGET_NAME)";
				SWIFT_VERSION = 3.0;
				TEST_HOST = "$(BUILT_PRODUCTS_DIR)/weatherTest.app/weatherTest";
			};
			name = Debug;
		};
		5F8430F61DC4C41600239052 /* Release */ = {
			isa = XCBuildConfiguration;
			buildSettings = {
				ALWAYS_EMBED_SWIFT_STANDARD_LIBRARIES = YES;
				BUNDLE_LOADER = "$(TEST_HOST)";
				DEVELOPMENT_TEAM = TJ3RW859P3;
				INFOPLIST_FILE = weatherTestTests/Info.plist;
				LD_RUNPATH_SEARCH_PATHS = "$(inherited) @executable_path/Frameworks @loader_path/Frameworks";
				PRODUCT_BUNDLE_IDENTIFIER = com.beginning.weatherTestTests;
				PRODUCT_NAME = "$(TARGET_NAME)";
				SWIFT_VERSION = 3.0;
				TEST_HOST = "$(BUILT_PRODUCTS_DIR)/weatherTest.app/weatherTest";
			};
			name = Release;
		};
		5F8430F81DC4C41600239052 /* Debug */ = {
			isa = XCBuildConfiguration;
			buildSettings = {
				ALWAYS_EMBED_SWIFT_STANDARD_LIBRARIES = YES;
				DEVELOPMENT_TEAM = TJ3RW859P3;
				INFOPLIST_FILE = weatherTestUITests/Info.plist;
				LD_RUNPATH_SEARCH_PATHS = "$(inherited) @executable_path/Frameworks @loader_path/Frameworks";
				PRODUCT_BUNDLE_IDENTIFIER = com.beginning.weatherTestUITests;
				PRODUCT_NAME = "$(TARGET_NAME)";
				SWIFT_VERSION = 3.0;
				TEST_TARGET_NAME = weatherTest;
			};
			name = Debug;
		};
		5F8430F91DC4C41600239052 /* Release */ = {
			isa = XCBuildConfiguration;
			buildSettings = {
				ALWAYS_EMBED_SWIFT_STANDARD_LIBRARIES = YES;
				DEVELOPMENT_TEAM = TJ3RW859P3;
				INFOPLIST_FILE = weatherTestUITests/Info.plist;
				LD_RUNPATH_SEARCH_PATHS = "$(inherited) @executable_path/Frameworks @loader_path/Frameworks";
				PRODUCT_BUNDLE_IDENTIFIER = com.beginning.weatherTestUITests;
				PRODUCT_NAME = "$(TARGET_NAME)";
				SWIFT_VERSION = 3.0;
				TEST_TARGET_NAME = weatherTest;
			};
			name = Release;
		};
/* End XCBuildConfiguration section */

/* Begin XCConfigurationList section */
		5F8430C41DC4C41600239052 /* Build configuration list for PBXProject "weatherTest" */ = {
			isa = XCConfigurationList;
			buildConfigurations = (
				5F8430EF1DC4C41600239052 /* Debug */,
				5F8430F01DC4C41600239052 /* Release */,
			);
			defaultConfigurationIsVisible = 0;
			defaultConfigurationName = Release;
		};
		5F8430F11DC4C41600239052 /* Build configuration list for PBXNativeTarget "weatherTest" */ = {
			isa = XCConfigurationList;
			buildConfigurations = (
				5F8430F21DC4C41600239052 /* Debug */,
				5F8430F31DC4C41600239052 /* Release */,
			);
			defaultConfigurationIsVisible = 0;
			defaultConfigurationName = Release;
		};
		5F8430F41DC4C41600239052 /* Build configuration list for PBXNativeTarget "weatherTestTests" */ = {
			isa = XCConfigurationList;
			buildConfigurations = (
				5F8430F51DC4C41600239052 /* Debug */,
				5F8430F61DC4C41600239052 /* Release */,
			);
			defaultConfigurationIsVisible = 0;
			defaultConfigurationName = Release;
		};
		5F8430F71DC4C41600239052 /* Build configuration list for PBXNativeTarget "weatherTestUITests" */ = {
			isa = XCConfigurationList;
			buildConfigurations = (
				5F8430F81DC4C41600239052 /* Debug */,
				5F8430F91DC4C41600239052 /* Release */,
			);
			defaultConfigurationIsVisible = 0;
			defaultConfigurationName = Release;
		};
/* End XCConfigurationList section */
	};
	rootObject = 5F8430C11DC4C41600239052 /* Project object */;
}
